#MicroXplorer Configuration settings - do not modify
ADC.Channel-0\#ChannelRegularConversion=ADC_CHANNEL_0
ADC.ClockPrescaler=ADC_CLOCK_ASYNC_DIV1
ADC.ContinuousConvMode=DISABLE
ADC.DMAContinuousRequests=DISABLE
ADC.DataAlign=ADC_DATAALIGN_RIGHT
ADC.DiscontinuousConvMode=DISABLE
ADC.EOCSelection=ADC_EOC_SEQ_CONV
ADC.EnableAnalogWatchDog=false
ADC.ExternalTrigConv=ADC_SOFTWARE_START
ADC.ExternalTrigConvEdge=ADC_EXTERNALTRIGCONVEDGE_NONE
ADC.IPParameters=Rank-0\#ChannelRegularConversion,Channel-0\#ChannelRegularConversion,SamplingTime-0\#ChannelRegularConversion,NbrOfConversionFlag,ClockPrescaler,Resolution,DataAlign,ScanConvMode,ContinuousConvMode,DiscontinuousConvMode,DMAContinuousRequests,EOCSelection,LowPowerAutoWait,LowPowerAutoPowerOff,NbrOfConversion,ExternalTrigConv,ExternalTrigConvEdge,InjNumberOfConversion,EnableAnalogWatchDog
ADC.InjNumberOfConversion=0
ADC.LowPowerAutoPowerOff=ADC_AUTOPOWEROFF_IDLE_PHASE
ADC.LowPowerAutoWait=ADC_AUTOWAIT_DISABLE
ADC.NbrOfConversion=1
ADC.NbrOfConversionFlag=1
ADC.Rank-0\#ChannelRegularConversion=1
ADC.Resolution=ADC_RESOLUTION_12B
ADC.SamplingTime-0\#ChannelRegularConversion=ADC_SAMPLETIME_4CYCLES
ADC.ScanConvMode=ADC_SCAN_DISABLE
File.Version=6
KeepUserPlacement=false
Mcu.Family=STM32L1
Mcu.IP0=ADC
Mcu.IP1=NVIC
Mcu.IP10=USART3
Mcu.IP2=RCC
Mcu.IP3=SPI1
Mcu.IP4=SPI2
Mcu.IP5=SPI3
Mcu.IP6=SYS
Mcu.IP7=TIM5
Mcu.IP8=USART1
Mcu.IP9=USART2
Mcu.IPNb=11
Mcu.Name=STM32L152VCTx
Mcu.Package=LQFP100
Mcu.Pin0=PE3
Mcu.Pin1=PE4
Mcu.Pin10=PC1
Mcu.Pin11=PC2
Mcu.Pin12=PC3
Mcu.Pin13=PA0-WKUP1
Mcu.Pin14=PA1
Mcu.Pin15=PA2
Mcu.Pin16=PA3
Mcu.Pin17=PA4
Mcu.Pin18=PA5
Mcu.Pin19=PA6
Mcu.Pin2=PE5
Mcu.Pin20=PA7
Mcu.Pin21=PC4
Mcu.Pin22=PC5
Mcu.Pin23=PB0
Mcu.Pin24=PB1
Mcu.Pin25=PB2
Mcu.Pin26=PE7
Mcu.Pin27=PE8
Mcu.Pin28=PE9
Mcu.Pin29=PE10
Mcu.Pin3=PE6-WKUP3
Mcu.Pin30=PE11
Mcu.Pin31=PE12
Mcu.Pin32=PE13
Mcu.Pin33=PE14
Mcu.Pin34=PE15
Mcu.Pin35=PB10
Mcu.Pin36=PB11
Mcu.Pin37=PB12
Mcu.Pin38=PB13
Mcu.Pin39=PB14
Mcu.Pin4=PC13-WKUP2
Mcu.Pin40=PB15
Mcu.Pin41=PD8
Mcu.Pin42=PD9
Mcu.Pin43=PD10
Mcu.Pin44=PD11
Mcu.Pin45=PD14
Mcu.Pin46=PD15
Mcu.Pin47=PC6
Mcu.Pin48=PC7
Mcu.Pin49=PC8
Mcu.Pin5=PC14-OSC32_IN
Mcu.Pin50=PC9
Mcu.Pin51=PA8
Mcu.Pin52=PA9
Mcu.Pin53=PA10
Mcu.Pin54=PA11
Mcu.Pin55=PA12
Mcu.Pin56=PA13
Mcu.Pin57=PH2
Mcu.Pin58=PA14
Mcu.Pin59=PA15
Mcu.Pin6=PC15-OSC32_OUT
Mcu.Pin60=PC10
Mcu.Pin61=PC11
Mcu.Pin62=PC12
Mcu.Pin63=PD0
Mcu.Pin64=PD1
Mcu.Pin65=PD2
Mcu.Pin66=PD3
Mcu.Pin67=PD4
Mcu.Pin68=PD5
Mcu.Pin69=PD6
Mcu.Pin7=PH0-OSC_IN
Mcu.Pin70=PD7
Mcu.Pin71=PB3
Mcu.Pin72=PB4
Mcu.Pin73=PB5
Mcu.Pin74=PB6
Mcu.Pin75=PB7
Mcu.Pin76=PB8
Mcu.Pin77=PB9
Mcu.Pin78=PE0
Mcu.Pin79=PE1
Mcu.Pin8=PH1-OSC_OUT
Mcu.Pin80=VP_SYS_VS_Systick
Mcu.Pin81=VP_TIM5_VS_ClockSourceINT
Mcu.Pin9=PC0
Mcu.PinsNb=82
Mcu.ThirdPartyNb=0
Mcu.UserConstants=
Mcu.UserName=STM32L152VCTx
MxCube.Version=4.24.0
MxDb.Version=DB.4.0.240
NVIC.BusFault_IRQn=true\:0\:0\:false\:false\:true\:true
NVIC.DebugMonitor_IRQn=true\:0\:0\:false\:false\:true\:true
NVIC.EXTI3_IRQn=true\:0\:0\:false\:false\:true\:true
NVIC.EXTI9_5_IRQn=true\:0\:0\:false\:false\:true\:true
NVIC.HardFault_IRQn=true\:0\:0\:false\:false\:true\:true
NVIC.MemoryManagement_IRQn=true\:0\:0\:false\:false\:true\:true
NVIC.NonMaskableInt_IRQn=true\:0\:0\:false\:false\:true\:true
NVIC.PendSV_IRQn=true\:0\:0\:false\:false\:true\:true
NVIC.PriorityGroup=NVIC_PRIORITYGROUP_4
NVIC.SVC_IRQn=true\:0\:0\:false\:false\:true\:true
NVIC.SysTick_IRQn=true\:0\:0\:false\:false\:true\:true
NVIC.TIM5_IRQn=true\:0\:0\:true\:false\:true\:true
NVIC.USART1_IRQn=true\:0\:0\:false\:false\:true\:true
NVIC.USART2_IRQn=true\:0\:0\:false\:false\:true\:true
NVIC.USART3_IRQn=true\:0\:0\:false\:false\:true\:true
NVIC.UsageFault_IRQn=true\:0\:0\:false\:false\:true\:true
PA0-WKUP1.GPIOParameters=GPIO_PuPd,GPIO_Mode
PA0-WKUP1.GPIO_Mode=GPIO_MODE_ANALOG
PA0-WKUP1.GPIO_PuPd=GPIO_NOPULL
PA0-WKUP1.Mode=IN0
PA0-WKUP1.Signal=ADC_IN0
PA1.GPIOParameters=GPIO_Label
PA1.GPIO_Label=VREF_EN
PA1.Locked=true
PA1.Signal=GPIO_Output
PA10.Mode=Asynchronous
PA10.Signal=USART1_RX
PA11.GPIOParameters=GPIO_PuPd,GPIO_Label
PA11.GPIO_Label=YH_ZJ_RIGHT
PA11.GPIO_PuPd=GPIO_PULLUP
PA11.Locked=true
PA11.Signal=GPIO_Input
PA12.GPIOParameters=GPIO_Label
PA12.GPIO_Label=FLASH_PWR_EN
PA12.Locked=true
PA12.Signal=GPIO_Output
PA13.Mode=Serial_Wire
PA13.Signal=SYS_JTMS-SWDIO
PA14.Mode=Serial_Wire
PA14.Signal=SYS_JTCK-SWCLK
PA15.GPIOParameters=GPIO_Speed,PinState,GPIO_PuPd,GPIO_Label,GPIO_ModeDefaultOutputPP
PA15.GPIO_Label=FLASH_NSS
PA15.GPIO_ModeDefaultOutputPP=GPIO_MODE_OUTPUT_PP
PA15.GPIO_PuPd=GPIO_NOPULL
PA15.GPIO_Speed=GPIO_SPEED_FREQ_LOW
PA15.Locked=true
PA15.PinState=GPIO_PIN_RESET
PA15.Signal=GPIO_Output
PA2.GPIOParameters=GPIO_Speed,GPIO_PuPd,GPIO_Label,GPIO_Mode
PA2.GPIO_Label=M_TX2_BT_RX
PA2.GPIO_Mode=GPIO_MODE_AF_PP
PA2.GPIO_PuPd=GPIO_PULLUP
PA2.GPIO_Speed=GPIO_SPEED_FREQ_VERY_HIGH
PA2.Mode=Asynchronous
PA2.Signal=USART2_TX
PA3.GPIOParameters=GPIO_Speed,GPIO_PuPd,GPIO_Label,GPIO_Mode
PA3.GPIO_Label=M_RX2_BT_TX
PA3.GPIO_Mode=GPIO_MODE_AF_PP
PA3.GPIO_PuPd=GPIO_PULLUP
PA3.GPIO_Speed=GPIO_SPEED_FREQ_VERY_HIGH
PA3.Mode=Asynchronous
PA3.Signal=USART2_RX
PA4.GPIOParameters=GPIO_Label
PA4.GPIO_Label=VOICE_SPI1_SSB
PA4.Locked=true
PA4.Signal=GPIO_Output
PA5.GPIOParameters=GPIO_Label
PA5.GPIO_Label=VOICE_SPI1_SCK
PA5.Mode=Full_Duplex_Master
PA5.Signal=SPI1_SCK
PA6.GPIOParameters=GPIO_Label
PA6.GPIO_Label=VOICE_SPI1_MISO
PA6.Mode=Full_Duplex_Master
PA6.Signal=SPI1_MISO
PA7.GPIOParameters=GPIO_Label
PA7.GPIO_Label=VOICE_SPI1_MOSI
PA7.Mode=Full_Duplex_Master
PA7.Signal=SPI1_MOSI
PA8.GPIOParameters=GPIO_PuPd,GPIO_Label
PA8.GPIO_Label=YH_ZJ_LEFT
PA8.GPIO_PuPd=GPIO_PULLUP
PA8.Locked=true
PA8.Signal=GPIO_Input
PA9.Mode=Asynchronous
PA9.Signal=USART1_TX
PB0.GPIOParameters=GPIO_PuPd,GPIO_Mode
PB0.GPIO_Mode=GPIO_MODE_ANALOG
PB0.GPIO_PuPd=GPIO_NOPULL
PB0.Mode=IN8
PB0.Signal=ADC_IN8
PB1.GPIOParameters=GPIO_PuPd,GPIO_Mode
PB1.GPIO_Mode=GPIO_MODE_ANALOG
PB1.GPIO_PuPd=GPIO_NOPULL
PB1.Mode=IN9
PB1.Signal=ADC_IN9
PB10.GPIOParameters=GPIO_Speed,GPIO_Label,GPIO_ModeDefaultOutputPP
PB10.GPIO_Label=RTC_I2C_SCK
PB10.GPIO_ModeDefaultOutputPP=GPIO_MODE_OUTPUT_OD
PB10.GPIO_Speed=GPIO_SPEED_FREQ_HIGH
PB10.Locked=true
PB10.Signal=GPIO_Output
PB11.GPIOParameters=GPIO_Speed,GPIO_Label,GPIO_ModeDefaultOutputPP
PB11.GPIO_Label=RTC_I2C_SDA
PB11.GPIO_ModeDefaultOutputPP=GPIO_MODE_OUTPUT_OD
PB11.GPIO_Speed=GPIO_SPEED_FREQ_HIGH
PB11.Locked=true
PB11.Signal=GPIO_Output
PB12.GPIOParameters=GPIO_Label
PB12.GPIO_Label=OLED_SPI2_CS
PB12.Locked=true
PB12.Signal=GPIO_Output
PB13.GPIOParameters=GPIO_Label
PB13.GPIO_Label=OLED_SPI2_SCLK
PB13.Mode=Simplex_Bidirectional_Master
PB13.Signal=SPI2_SCK
PB14.GPIOParameters=GPIO_Label
PB14.GPIO_Label=S_MCU_3.3V_ADC
PB14.Locked=true
PB14.Mode=IN20
PB14.Signal=ADC_IN20
PB15.GPIOParameters=GPIO_Label
PB15.GPIO_Label=OLED_SPI2_SDIN
PB15.Mode=Simplex_Bidirectional_Master
PB15.Signal=SPI2_MOSI
PB2.GPIOParameters=GPIO_Label
PB2.GPIO_Label=BUBBLE_DETECT
PB2.Locked=true
PB2.Signal=GPIO_Input
PB3.GPIOParameters=GPIO_Label
PB3.GPIO_Label=SZ_HALL_A
PB3.Locked=true
PB3.Signal=GPXTI3
PB4.GPIOParameters=GPIO_Label
PB4.GPIO_Label=SZ_MOTOR_IN1
PB4.Locked=true
PB4.Signal=GPIO_Output
PB5.GPIOParameters=GPIO_Label
PB5.GPIO_Label=SZ_MOTOR_IN2
PB5.Locked=true
PB5.Signal=GPIO_Output
PB6.GPIOParameters=GPIO_Label
PB6.GPIO_Label=OLED_RES
PB6.Locked=true
PB6.Signal=GPIO_Output
PB7.GPIOParameters=GPIO_Label,GPIO_ModeDefaultEXTI
PB7.GPIO_Label=SZDJ_SUDU
PB7.GPIO_ModeDefaultEXTI=GPIO_MODE_IT_RISING
PB7.Locked=true
PB7.Signal=GPXTI7
PB8.GPIOParameters=GPIO_Label
PB8.GPIO_Label=STF_HALL_A
PB8.Locked=true
PB8.Signal=GPXTI8
PB9.GPIOParameters=GPIO_Label
PB9.GPIO_Label=STF_HALL_B
PB9.Locked=true
PB9.Signal=GPXTI9
PC0.GPIOParameters=GPIO_Label
PC0.GPIO_Label=SENSOR_PWR_EN
PC0.Locked=true
PC0.Signal=GPIO_Output
PC1.GPIOParameters=GPIO_Label
PC1.GPIO_Label=STF_POS_DETECT_PWR_EN
PC1.Locked=true
PC1.Signal=GPIO_Output
PC10.GPIOParameters=GPIO_Label
PC10.GPIO_Label=FLASH_SPI3_SCK
PC10.Mode=Full_Duplex_Master
PC10.Signal=SPI3_SCK
PC11.GPIOParameters=GPIO_Label
PC11.GPIO_Label=FLASH_SPI3_MISO
PC11.Mode=Full_Duplex_Master
PC11.Signal=SPI3_MISO
PC12.GPIOParameters=GPIO_Label
PC12.GPIO_Label=FLASH_SPI3_MOSI
PC12.Mode=Full_Duplex_Master
PC12.Signal=SPI3_MOSI
PC13-WKUP2.GPIOParameters=GPIO_PuPd,GPIO_Label,GPIO_Mode
PC13-WKUP2.GPIO_Label=KEY_START
PC13-WKUP2.GPIO_Mode=GPIO_MODE_INPUT
PC13-WKUP2.GPIO_PuPd=GPIO_NOPULL
PC13-WKUP2.Locked=true
PC13-WKUP2.Signal=GPIO_Input
PC14-OSC32_IN.Mode=LSE-External-Oscillator
PC14-OSC32_IN.Signal=RCC_OSC32_IN
PC15-OSC32_OUT.Mode=LSE-External-Oscillator
PC15-OSC32_OUT.Signal=RCC_OSC32_OUT
PC2.GPIOParameters=GPIO_Label
PC2.GPIO_Label=STF_POS_DETECT_A
PC2.Locked=true
PC2.Signal=GPIO_Input
PC3.GPIOParameters=GPIO_Label
PC3.GPIO_Label=STF_POS_DETECT_B
PC3.Locked=true
PC3.Signal=GPIO_Input
PC4.GPIOParameters=GPIO_Label
PC4.GPIO_Label=VOICE_SPI1_RDY
PC4.Locked=true
PC4.Signal=GPIO_Analog
PC5.GPIOParameters=PinState,GPIO_Label
PC5.GPIO_Label=VOICE_PWR_EN
PC5.Locked=true
PC5.PinState=GPIO_PIN_SET
PC5.Signal=GPIO_Output
PC6.GPIOParameters=GPIO_Label
PC6.GPIO_Label=STF_5V_IN_EN
PC6.Locked=true
PC6.Signal=GPIO_Output
PC7.GPIOParameters=GPIO_Label
PC7.GPIO_Label=BT_PWR_EN
PC7.Locked=true
PC7.Signal=GPIO_Output
PC8.GPIOParameters=GPIO_Label
PC8.GPIO_Label=ALL_5V_PWR_EN
PC8.Locked=true
PC8.Signal=GPIO_Output
PC9.GPIOParameters=GPIO_Label
PC9.GPIO_Label=YH_ZJ_PWR_EN_LEFT
PC9.Locked=true
PC9.Signal=GPIO_Output
PCC.Checker=true
PCC.Line=STM32L151/152
PCC.MCU=STM32L152VCTx
PCC.PartNumber=STM32L152VCTx
PCC.Seq0=0
PCC.Series=STM32L1
PCC.Temperature=25
PCC.Vdd=3.0
PD0.GPIOParameters=GPIO_Speed,PinState,GPIO_PuPd,GPIO_Label,GPIO_ModeDefaultOutputPP
PD0.GPIO_Label=FLASH_HOLD
PD0.GPIO_ModeDefaultOutputPP=GPIO_MODE_OUTPUT_PP
PD0.GPIO_PuPd=GPIO_NOPULL
PD0.GPIO_Speed=GPIO_SPEED_FREQ_LOW
PD0.Locked=true
PD0.PinState=GPIO_PIN_RESET
PD0.Signal=GPIO_Output
PD1.GPIOParameters=GPIO_Speed,PinState,GPIO_PuPd,GPIO_Label,GPIO_ModeDefaultOutputPP
PD1.GPIO_Label=FLASH_WP
PD1.GPIO_ModeDefaultOutputPP=GPIO_MODE_OUTPUT_PP
PD1.GPIO_PuPd=GPIO_NOPULL
PD1.GPIO_Speed=GPIO_SPEED_FREQ_LOW
PD1.Locked=true
PD1.PinState=GPIO_PIN_RESET
PD1.Signal=GPIO_Output
PD10.GPIOParameters=PinState,GPIO_Label
PD10.GPIO_Label=M_PWR_EN
PD10.Locked=true
PD10.PinState=GPIO_PIN_SET
PD10.Signal=GPIO_Output
PD11.GPIOParameters=GPIO_Label
PD11.GPIO_Label=ALL_MOTOR_PWR_EN
PD11.Locked=true
PD11.Signal=GPIO_Output
PD14.GPIOParameters=PinState,GPIO_Label
PD14.GPIO_Label=SLAVER_NRST
PD14.Locked=true
PD14.PinState=GPIO_PIN_SET
PD14.Signal=GPIO_Output
PD15.GPIOParameters=GPIO_Label
PD15.GPIO_Label=M_VIBRATOR_EN
PD15.Locked=true
PD15.Signal=GPIO_Output
PD2.GPIOParameters=GPIO_Label
PD2.GPIO_Label=OLED_PWR_EN
PD2.Locked=true
PD2.Signal=GPIO_Output
PD3.GPIOParameters=GPIO_Label
PD3.GPIO_Label=STF_MOTOR_SLEEP
PD3.Locked=true
PD3.Signal=GPIO_Output
PD4.GPIOParameters=GPIO_PuPd,GPIO_Label
PD4.GPIO_Label=S_RST_STA
PD4.GPIO_PuPd=GPIO_PULLDOWN
PD4.Locked=true
PD4.Signal=GPIO_Input
PD5.GPIOParameters=GPIO_Label
PD5.GPIO_Label=OLED_DC
PD5.Locked=true
PD5.Signal=GPIO_Output
PD6.GPIOParameters=GPIO_Label
PD6.GPIO_Label=SZ_MOTOR_SLEEP
PD6.Locked=true
PD6.Signal=GPIO_Output
PD7.GPIOParameters=GPIO_Label
PD7.GPIO_Label=SZ_HALL_B
PD7.Locked=true
PD7.Signal=GPIO_Input
PD8.GPIOParameters=GPIO_Speed,GPIO_PuPd,GPIO_Mode
PD8.GPIO_Mode=GPIO_MODE_AF_PP
PD8.GPIO_PuPd=GPIO_PULLUP
PD8.GPIO_Speed=GPIO_SPEED_FREQ_VERY_HIGH
PD8.Locked=true
PD8.Mode=Asynchronous
PD8.Signal=USART3_TX
PD9.GPIOParameters=GPIO_Speed,GPIO_PuPd,GPIO_Mode
PD9.GPIO_Mode=GPIO_MODE_AF_PP
PD9.GPIO_PuPd=GPIO_PULLUP
PD9.GPIO_Speed=GPIO_SPEED_FREQ_VERY_HIGH
PD9.Locked=true
PD9.Mode=Asynchronous
PD9.Signal=USART3_RX
PE0.GPIOParameters=GPIO_Label
PE0.GPIO_Label=STF_MOTOR_IN1
PE0.Locked=true
PE0.Signal=GPIO_Output
PE1.GPIOParameters=GPIO_Label
PE1.GPIO_Label=STF_MOTOR_IN2
PE1.Locked=true
PE1.Signal=GPIO_Output
PE10.GPIOParameters=GPIO_Label
PE10.GPIO_Label=AC_CONNECT
PE10.Locked=true
PE10.Signal=GPIO_Input
PE11.GPIOParameters=PinState,GPIO_Label
PE11.GPIO_Label=LED_Y
PE11.Locked=true
PE11.PinState=GPIO_PIN_RESET
PE11.Signal=GPIO_Output
PE12.GPIOParameters=GPIO_Label
PE12.GPIO_Label=SYS_PWR_ADC_EN
PE12.Locked=true
PE12.Signal=GPIO_Output
PE13.GPIOParameters=PinState,GPIO_Label
PE13.GPIO_Label=LED_G
PE13.Locked=true
PE13.PinState=GPIO_PIN_RESET
PE13.Signal=GPIO_Output
PE14.GPIOParameters=GPIO_Label
PE14.GPIO_Label=YH_ZJ_PWR_EN_RIGHT
PE14.Locked=true
PE14.Signal=GPIO_Output
PE15.GPIOParameters=PinState,GPIO_Label
PE15.GPIO_Label=LED_R
PE15.Locked=true
PE15.PinState=GPIO_PIN_RESET
PE15.Signal=GPIO_Output
PE3.GPIOParameters=GPIO_Label
PE3.GPIO_Label=KEY_BACK
PE3.Locked=true
PE3.Signal=GPIO_Input
PE4.GPIOParameters=GPIO_PuPd,GPIO_Label,GPIO_Mode
PE4.GPIO_Label=KEY_LEFT
PE4.GPIO_Mode=GPIO_MODE_INPUT
PE4.GPIO_PuPd=GPIO_NOPULL
PE4.Locked=true
PE4.Signal=GPIO_Input
PE5.GPIOParameters=GPIO_PuPd,GPIO_Label,GPIO_Mode
PE5.GPIO_Label=KEY_RIGHT
PE5.GPIO_Mode=GPIO_MODE_INPUT
PE5.GPIO_PuPd=GPIO_NOPULL
PE5.Locked=true
PE5.Signal=GPIO_Input
PE6-WKUP3.GPIOParameters=GPIO_PuPd,GPIO_Label,GPIO_Mode
PE6-WKUP3.GPIO_Label=KEY_CONFIRM
PE6-WKUP3.GPIO_Mode=GPIO_MODE_INPUT
PE6-WKUP3.GPIO_PuPd=GPIO_NOPULL
PE6-WKUP3.Locked=true
PE6-WKUP3.Signal=GPIO_Input
PE7.GPIOParameters=GPIO_PuPd,GPIO_Mode
PE7.GPIO_Mode=GPIO_MODE_ANALOG
PE7.GPIO_PuPd=GPIO_NOPULL
PE7.Mode=IN22
PE7.Signal=ADC_IN22
PE8.GPIOParameters=GPIO_Label
PE8.GPIO_Label=VOICE_INTB
PE8.Locked=true
PE8.Signal=GPIO_Analog
PE9.GPIOParameters=GPIO_Label
PE9.GPIO_Label=SYS_PWR_EN
PE9.Locked=true
PE9.Signal=GPIO_Output
PH0-OSC_IN.Mode=HSE-External-Oscillator
PH0-OSC_IN.Signal=RCC_OSC_IN
PH1-OSC_OUT.Mode=HSE-External-Oscillator
PH1-OSC_OUT.Signal=RCC_OSC_OUT
PH2.GPIOParameters=GPIO_Label
PH2.GPIO_Label=S_WKUP
PH2.Locked=true
PH2.Signal=GPIO_Output
PinOutPanel.RotationAngle=0
ProjectManager.AskForMigrate=true
ProjectManager.BackupPrevious=false
ProjectManager.CompilerOptimize=2
ProjectManager.ComputerToolchain=false
ProjectManager.CoupleFile=true
ProjectManager.CustomerFirmwarePackage=
ProjectManager.DefaultFWLocation=true
ProjectManager.DeletePrevious=true
ProjectManager.DeviceId=STM32L152VCTx
ProjectManager.FirmwarePackage=STM32Cube FW_L1 V1.7.0
ProjectManager.FreePins=false
ProjectManager.HalAssertFull=false
ProjectManager.HeapSize=0x200
ProjectManager.KeepUserCode=true
ProjectManager.LastFirmware=true
ProjectManager.LibraryCopy=1
ProjectManager.PreviousToolchain=
ProjectManager.ProjectBuild=false
ProjectManager.ProjectFileName=STM32CubeMX.ioc
ProjectManager.ProjectName=STM32CubeMX
ProjectManager.StackSize=0x400
ProjectManager.TargetToolchain=EWARM
ProjectManager.ToolChainLocation=
ProjectManager.UnderRoot=false
ProjectManager.functionlistsort=1-MX_GPIO_Init-GPIO-false-HAL-true,2-SystemClock_Config-RCC-false-HAL-true,3-MX_ADC_Init-ADC-false-HAL-true,4-MX_SPI1_Init-SPI1-false-HAL-true,5-MX_SPI2_Init-SPI2-false-HAL-true,6-MX_SPI3_Init-SPI3-false-HAL-true,7-MX_USART1_UART_Init-USART1-false-HAL-true,8-MX_USART2_UART_Init-USART2-false-HAL-true,9-MX_USART3_UART_Init-USART3-false-HAL-true,10-MX_TIM5_Init-TIM5-false-HAL-true
RCC.48MHZClocksFreq_Value=32000000
RCC.AHBCLKDivider=RCC_SYSCLK_DIV2
RCC.AHBFreq_Value=16000000
RCC.APB1Freq_Value=16000000
RCC.APB1TimFreq_Value=16000000
RCC.APB2Freq_Value=16000000
RCC.APB2TimFreq_Value=16000000
RCC.FCLKCortexFreq_Value=16000000
RCC.FamilyName=M
RCC.HCLKFreq_Value=16000000
RCC.HSE_VALUE=8000000
RCC.HSI_VALUE=16000000
RCC.IPParameters=48MHZClocksFreq_Value,AHBCLKDivider,AHBFreq_Value,APB1Freq_Value,APB1TimFreq_Value,APB2Freq_Value,APB2TimFreq_Value,FCLKCortexFreq_Value,FamilyName,HCLKFreq_Value,HSE_VALUE,HSI_VALUE,LSI_VALUE,MCOPinFreq_Value,MSIClockRange,MSI_VALUE,PLLCLKFreq_Value,PLLMUL,PLLSourceVirtual,PWRFreq_Value,RTCFreq_Value,RTCHSEDivFreq_Value,SYSCLKFreq_VALUE,SYSCLKSource,TIMFreq_Value,TimerFreq_Value,USBOutput,VCOInputFreq_Value,VCOOutputFreq_Value
RCC.LSI_VALUE=37000
RCC.MCOPinFreq_Value=32000000
RCC.MSIClockRange=RCC_MSIRANGE_2
RCC.MSI_VALUE=262144
RCC.PLLCLKFreq_Value=32000000
RCC.PLLMUL=RCC_PLL_MUL8
RCC.PLLSourceVirtual=RCC_PLLSOURCE_HSE
RCC.PWRFreq_Value=32000000
RCC.RTCFreq_Value=37000
RCC.RTCHSEDivFreq_Value=4000000
RCC.SYSCLKFreq_VALUE=32000000
RCC.SYSCLKSource=RCC_SYSCLKSOURCE_PLLCLK
RCC.TIMFreq_Value=16000000
RCC.TimerFreq_Value=16000000
RCC.USBOutput=32000000
RCC.VCOInputFreq_Value=8000000
RCC.VCOOutputFreq_Value=64000000
SH.GPXTI3.0=GPIO_EXTI3
SH.GPXTI3.ConfNb=1
SH.GPXTI7.0=GPIO_EXTI7
SH.GPXTI7.ConfNb=1
SH.GPXTI8.0=GPIO_EXTI8
SH.GPXTI8.ConfNb=1
SH.GPXTI9.0=GPIO_EXTI9
SH.GPXTI9.ConfNb=1
SPI1.CLKPhase=SPI_PHASE_2EDGE
SPI1.CLKPolarity=SPI_POLARITY_HIGH
SPI1.CalculateBaudRate=8.0 MBits/s
SPI1.Direction=SPI_DIRECTION_2LINES
SPI1.IPParameters=Mode,CalculateBaudRate,CLKPolarity,CLKPhase,VirtualType,Direction
SPI1.Mode=SPI_MODE_MASTER
SPI1.VirtualType=VM_MASTER
SPI2.CLKPhase=SPI_PHASE_2EDGE
SPI2.CLKPolarity=SPI_POLARITY_HIGH
SPI2.CalculateBaudRate=8.0 MBits/s
SPI2.Direction=SPI_DIRECTION_1LINE
SPI2.IPParameters=Mode,Direction,CalculateBaudRate,VirtualType,CLKPolarity,CLKPhase
SPI2.Mode=SPI_MODE_MASTER
SPI2.VirtualType=VM_MASTER
SPI3.CalculateBaudRate=8.0 MBits/s
SPI3.Direction=SPI_DIRECTION_2LINES
SPI3.IPParameters=Mode,CalculateBaudRate,VirtualType,Direction
SPI3.Mode=SPI_MODE_MASTER
SPI3.VirtualType=VM_MASTER
TIM5.ClockDivision=TIM_CLOCKDIVISION_DIV1
TIM5.IPParameters=Prescaler,ClockDivision,Period
TIM5.Period=65535
TIM5.Prescaler=2
USART1.IPParameters=VirtualMode
USART1.VirtualMode=VM_ASYNC
USART2.IPParameters=VirtualMode
USART2.VirtualMode=VM_ASYNC
USART3.IPParameters=VirtualMode
USART3.VirtualMode=VM_ASYNC
VP_SYS_VS_Systick.Mode=SysTick
VP_SYS_VS_Systick.Signal=SYS_VS_Systick
VP_TIM5_VS_ClockSourceINT.Mode=Internal
VP_TIM5_VS_ClockSourceINT.Signal=TIM5_VS_ClockSourceINT
board=STM32CubeMX
